
Microsoft Visual Studio Solution File, Format Version 12.00
# Visual Studio 15
VisualStudioVersion = 15.0.28307.438
MinimumVisualStudioVersion = 10.0.40219.1
Project("{9A19103F-16F7-4668-BE54-9A1E7A4F7556}") = "TunesAPI", "TunesAPI\TunesAPI.csproj", "{9BD095B0-99D3-417E-8863-0E44ACC6430B}"
EndProject
Project("{9A19103F-16F7-4668-BE54-9A1E7A4F7556}") = "TunesUnitTests", "TunesUnitTests\TunesUnitTests.csproj", "{BCAA3CC4-ECE7-42D2-8C75-544E05FD823D}"
EndProject
Project("{FAE04EC0-301F-11D3-BF4B-00C04F79EFBC}") = "SuggestedTunesUnitTests", "SuggestedTunesUnitTests\SuggestedTunesUnitTests.csproj", "{C1DDF80B-1DD9-49D3-90EE-8CDC698596A9}"
EndProject
Project("{FAE04EC0-301F-11D3-BF4B-00C04F79EFBC}") = "TunesControllerUnitTests", "TunesControllerUnitTests\TunesControllerUnitTests.csproj", "{CEB52E34-1D50-4424-B9FD-7E036459BD3C}"
EndProject
Global
	GlobalSection(SolutionConfigurationPlatforms) = preSolution
		Debug|Any CPU = Debug|Any CPU
		Release|Any CPU = Release|Any CPU
	EndGlobalSection
	GlobalSection(ProjectConfigurationPlatforms) = postSolution
		{9BD095B0-99D3-417E-8863-0E44ACC6430B}.Debug|Any CPU.ActiveCfg = Debug|Any CPU
		{9BD095B0-99D3-417E-8863-0E44ACC6430B}.Debug|Any CPU.Build.0 = Debug|Any CPU
		{9BD095B0-99D3-417E-8863-0E44ACC6430B}.Release|Any CPU.ActiveCfg = Release|Any CPU
		{9BD095B0-99D3-417E-8863-0E44ACC6430B}.Release|Any CPU.Build.0 = Release|Any CPU
		{BCAA3CC4-ECE7-42D2-8C75-544E05FD823D}.Debug|Any CPU.ActiveCfg = Debug|Any CPU
		{BCAA3CC4-ECE7-42D2-8C75-544E05FD823D}.Debug|Any CPU.Build.0 = Debug|Any CPU
		{BCAA3CC4-ECE7-42D2-8C75-544E05FD823D}.Release|Any CPU.ActiveCfg = Release|Any CPU
		{BCAA3CC4-ECE7-42D2-8C75-544E05FD823D}.Release|Any CPU.Build.0 = Release|Any CPU
		{C1DDF80B-1DD9-49D3-90EE-8CDC698596A9}.Debug|Any CPU.ActiveCfg = Debug|Any CPU
		{C1DDF80B-1DD9-49D3-90EE-8CDC698596A9}.Debug|Any CPU.Build.0 = Debug|Any CPU
		{C1DDF80B-1DD9-49D3-90EE-8CDC698596A9}.Release|Any CPU.ActiveCfg = Release|Any CPU
		{C1DDF80B-1DD9-49D3-90EE-8CDC698596A9}.Release|Any CPU.Build.0 = Release|Any CPU
		{CEB52E34-1D50-4424-B9FD-7E036459BD3C}.Debug|Any CPU.ActiveCfg = Debug|Any CPU
		{CEB52E34-1D50-4424-B9FD-7E036459BD3C}.Debug|Any CPU.Build.0 = Debug|Any CPU
		{CEB52E34-1D50-4424-B9FD-7E036459BD3C}.Release|Any CPU.ActiveCfg = Release|Any CPU
		{CEB52E34-1D50-4424-B9FD-7E036459BD3C}.Release|Any CPU.Build.0 = Release|Any CPU
	EndGlobalSection
	GlobalSection(SolutionProperties) = preSolution
		HideSolutionNode = FALSE
	EndGlobalSection
	GlobalSection(ExtensibilityGlobals) = postSolution
		SolutionGuid = {6316F5F4-AA27-4378-ADAD-E01193D74A94}
	EndGlobalSection
EndGlobal
